// !$*UTF8*$!
{
	archiveVersion = 1;
	classes = {
	};
	objectVersion = 56;
	objects = {

/* Begin PBXBuildFile section */
		B42F91EA2A13857B0032D220 /* 0516 - DFS.swift in Sources */ = {isa = PBXBuildFile; fileRef = B42F91E92A13857B0032D220 /* 0516 - DFS.swift */; };
		B42F91EC2A1385B20032D220 /* 0515.swift in Sources */ = {isa = PBXBuildFile; fileRef = B42F91EB2A1385B20032D220 /* 0515.swift */; };
		B4388A132A1629A400476BFC /* 0518.swift in Sources */ = {isa = PBXBuildFile; fileRef = B4388A122A1629A300476BFC /* 0518.swift */; };
		B4388A152A1644C400476BFC /* 0518 - DFS재귀.swift in Sources */ = {isa = PBXBuildFile; fileRef = B4388A142A1644C400476BFC /* 0518 - DFS재귀.swift */; };
		B4388A172A1649A600476BFC /* 0518 - DFS.swift in Sources */ = {isa = PBXBuildFile; fileRef = B4388A162A1649A600476BFC /* 0518 - DFS.swift */; };
		B45503432A123115000B1AA5 /* main.swift in Sources */ = {isa = PBXBuildFile; fileRef = B45503422A123115000B1AA5 /* main.swift */; };
		B45B3D6D2A1CC22E009151D0 /* 0523.swift in Sources */ = {isa = PBXBuildFile; fileRef = B45B3D6C2A1CC22E009151D0 /* 0523.swift */; };
		B45B3D712A1CD1A2009151D0 /* 0523 - 재귀 순열.swift in Sources */ = {isa = PBXBuildFile; fileRef = B45B3D702A1CD1A2009151D0 /* 0523 - 재귀 순열.swift */; };
		B45B3D732A1CD349009151D0 /* 0523 - 조합.swift in Sources */ = {isa = PBXBuildFile; fileRef = B45B3D722A1CD349009151D0 /* 0523 - 조합.swift */; };
		B45B3D752A1CE01C009151D0 /* 0523-배열최소합 (조합).swift in Sources */ = {isa = PBXBuildFile; fileRef = B45B3D742A1CE01C009151D0 /* 0523-배열최소합 (조합).swift */; };
		B49CAAD32A1B728D008254C7 /* 0522.swift in Sources */ = {isa = PBXBuildFile; fileRef = B49CAAD22A1B728D008254C7 /* 0522.swift */; };
		B4F1F4192A177B5600DA6358 /* 0519 - 달팽이 (델타탐색).swift in Sources */ = {isa = PBXBuildFile; fileRef = B4F1F4182A177B5600DA6358 /* 0519 - 달팽이 (델타탐색).swift */; };
/* End PBXBuildFile section */

/* Begin PBXCopyFilesBuildPhase section */
		B455033D2A123115000B1AA5 /* CopyFiles */ = {
			isa = PBXCopyFilesBuildPhase;
			buildActionMask = 2147483647;
			dstPath = /usr/share/man/man1/;
			dstSubfolderSpec = 0;
			files = (
			);
			runOnlyForDeploymentPostprocessing = 1;
		};
/* End PBXCopyFilesBuildPhase section */

/* Begin PBXFileReference section */
		B42F91E92A13857B0032D220 /* 0516 - DFS.swift */ = {isa = PBXFileReference; lastKnownFileType = sourcecode.swift; path = "0516 - DFS.swift"; sourceTree = "<group>"; };
		B42F91EB2A1385B20032D220 /* 0515.swift */ = {isa = PBXFileReference; lastKnownFileType = sourcecode.swift; path = 0515.swift; sourceTree = "<group>"; };
		B4388A122A1629A300476BFC /* 0518.swift */ = {isa = PBXFileReference; lastKnownFileType = sourcecode.swift; path = 0518.swift; sourceTree = "<group>"; };
		B4388A142A1644C400476BFC /* 0518 - DFS재귀.swift */ = {isa = PBXFileReference; lastKnownFileType = sourcecode.swift; path = "0518 - DFS재귀.swift"; sourceTree = "<group>"; };
		B4388A162A1649A600476BFC /* 0518 - DFS.swift */ = {isa = PBXFileReference; lastKnownFileType = sourcecode.swift; path = "0518 - DFS.swift"; sourceTree = "<group>"; };
		B455033F2A123115000B1AA5 /* 코딩테스트 */ = {isa = PBXFileReference; explicitFileType = "compiled.mach-o.executable"; includeInIndex = 0; path = "코딩테스트"; sourceTree = BUILT_PRODUCTS_DIR; };
		B45503422A123115000B1AA5 /* main.swift */ = {isa = PBXFileReference; lastKnownFileType = sourcecode.swift; path = main.swift; sourceTree = "<group>"; };
		B45B3D6C2A1CC22E009151D0 /* 0523.swift */ = {isa = PBXFileReference; lastKnownFileType = sourcecode.swift; path = 0523.swift; sourceTree = "<group>"; };
		B45B3D702A1CD1A2009151D0 /* 0523 - 재귀 순열.swift */ = {isa = PBXFileReference; lastKnownFileType = sourcecode.swift; path = "0523 - 재귀 순열.swift"; sourceTree = "<group>"; };
		B45B3D722A1CD349009151D0 /* 0523 - 조합.swift */ = {isa = PBXFileReference; lastKnownFileType = sourcecode.swift; path = "0523 - 조합.swift"; sourceTree = "<group>"; };
		B45B3D742A1CE01C009151D0 /* 0523-배열최소합 (조합).swift */ = {isa = PBXFileReference; lastKnownFileType = sourcecode.swift; path = "0523-배열최소합 (조합).swift"; sourceTree = "<group>"; };
		B49CAAD22A1B728D008254C7 /* 0522.swift */ = {isa = PBXFileReference; lastKnownFileType = sourcecode.swift; path = 0522.swift; sourceTree = "<group>"; };
		B4F1F4182A177B5600DA6358 /* 0519 - 달팽이 (델타탐색).swift */ = {isa = PBXFileReference; lastKnownFileType = sourcecode.swift; path = "0519 - 달팽이 (델타탐색).swift"; sourceTree = "<group>"; };
/* End PBXFileReference section */

/* Begin PBXFrameworksBuildPhase section */
		B455033C2A123115000B1AA5 /* Frameworks */ = {
			isa = PBXFrameworksBuildPhase;
			buildActionMask = 2147483647;
			files = (
			);
			runOnlyForDeploymentPostprocessing = 0;
		};
/* End PBXFrameworksBuildPhase section */

/* Begin PBXGroup section */
		B45503362A123115000B1AA5 = {
			isa = PBXGroup;
			children = (
				B45503412A123115000B1AA5 /* 코딩테스트 */,
				B45503402A123115000B1AA5 /* Products */,
			);
			sourceTree = "<group>";
		};
		B45503402A123115000B1AA5 /* Products */ = {
			isa = PBXGroup;
			children = (
				B455033F2A123115000B1AA5 /* 코딩테스트 */,
			);
			name = Products;
			sourceTree = "<group>";
		};
		B45503412A123115000B1AA5 /* 코딩테스트 */ = {
			isa = PBXGroup;
			children = (
				B45503422A123115000B1AA5 /* main.swift */,
				B42F91EB2A1385B20032D220 /* 0515.swift */,
				B42F91E92A13857B0032D220 /* 0516 - DFS.swift */,
				B4388A122A1629A300476BFC /* 0518.swift */,
				B4388A142A1644C400476BFC /* 0518 - DFS재귀.swift */,
				B4388A162A1649A600476BFC /* 0518 - DFS.swift */,
				B4F1F4182A177B5600DA6358 /* 0519 - 달팽이 (델타탐색).swift */,
				B49CAAD22A1B728D008254C7 /* 0522.swift */,
				B45B3D6C2A1CC22E009151D0 /* 0523.swift */,
				B45B3D702A1CD1A2009151D0 /* 0523 - 재귀 순열.swift */,
				B45B3D722A1CD349009151D0 /* 0523 - 조합.swift */,
				B45B3D742A1CE01C009151D0 /* 0523-배열최소합 (조합).swift */,
			);
			path = "코딩테스트";
			sourceTree = "<group>";
		};
/* End PBXGroup section */

/* Begin PBXNativeTarget section */
		B455033E2A123115000B1AA5 /* 코딩테스트 */ = {
			isa = PBXNativeTarget;
			buildConfigurationList = B45503462A123115000B1AA5 /* Build configuration list for PBXNativeTarget "코딩테스트" */;
			buildPhases = (
				B455033B2A123115000B1AA5 /* Sources */,
				B455033C2A123115000B1AA5 /* Frameworks */,
				B455033D2A123115000B1AA5 /* CopyFiles */,
			);
			buildRules = (
			);
			dependencies = (
			);
			name = "코딩테스트";
			productName = "코딩테스트";
			productReference = B455033F2A123115000B1AA5 /* 코딩테스트 */;
			productType = "com.apple.product-type.tool";
		};
/* End PBXNativeTarget section */

/* Begin PBXProject section */
		B45503372A123115000B1AA5 /* Project object */ = {
			isa = PBXProject;
			attributes = {
				BuildIndependentTargetsInParallel = 1;
				LastSwiftUpdateCheck = 1430;
				LastUpgradeCheck = 1430;
				TargetAttributes = {
					B455033E2A123115000B1AA5 = {
						CreatedOnToolsVersion = 14.3;
					};
				};
			};
			buildConfigurationList = B455033A2A123115000B1AA5 /* Build configuration list for PBXProject "코딩테스트" */;
			compatibilityVersion = "Xcode 14.0";
			developmentRegion = en;
			hasScannedForEncodings = 0;
			knownRegions = (
				en,
				Base,
			);
			mainGroup = B45503362A123115000B1AA5;
			productRefGroup = B45503402A123115000B1AA5 /* Products */;
			projectDirPath = "";
			projectRoot = "";
			targets = (
				B455033E2A123115000B1AA5 /* 코딩테스트 */,
			);
		};
/* End PBXProject section */

/* Begin PBXSourcesBuildPhase section */
		B455033B2A123115000B1AA5 /* Sources */ = {
			isa = PBXSourcesBuildPhase;
			buildActionMask = 2147483647;
			files = (
				B4F1F4192A177B5600DA6358 /* 0519 - 달팽이 (델타탐색).swift in Sources */,
				B42F91EC2A1385B20032D220 /* 0515.swift in Sources */,
				B45B3D712A1CD1A2009151D0 /* 0523 - 재귀 순열.swift in Sources */,
				B45B3D732A1CD349009151D0 /* 0523 - 조합.swift in Sources */,
				B45503432A123115000B1AA5 /* main.swift in Sources */,
				B42F91EA2A13857B0032D220 /* 0516 - DFS.swift in Sources */,
				B4388A172A1649A600476BFC /* 0518 - DFS.swift in Sources */,
				B45B3D752A1CE01C009151D0 /* 0523-배열최소합 (조합).swift in Sources */,
				B45B3D6D2A1CC22E009151D0 /* 0523.swift in Sources */,
				B4388A132A1629A400476BFC /* 0518.swift in Sources */,
				B49CAAD32A1B728D008254C7 /* 0522.swift in Sources */,
				B4388A152A1644C400476BFC /* 0518 - DFS재귀.swift in Sources */,
			);
			runOnlyForDeploymentPostprocessing = 0;
		};
/* End PBXSourcesBuildPhase section */

/* Begin XCBuildConfiguration section */
		B45503442A123115000B1AA5 /* Debug */ = {
			isa = XCBuildConfiguration;
			buildSettings = {
				ALWAYS_SEARCH_USER_PATHS = NO;
				CLANG_ANALYZER_NONNULL = YES;
				CLANG_ANALYZER_NUMBER_OBJECT_CONVERSION = YES_AGGRESSIVE;
				CLANG_CXX_LANGUAGE_STANDARD = "gnu++20";
				CLANG_ENABLE_MODULES = YES;
				CLANG_ENABLE_OBJC_ARC = YES;
				CLANG_ENABLE_OBJC_WEAK = YES;
				CLANG_WARN_BLOCK_CAPTURE_AUTORELEASING = YES;
				CLANG_WARN_BOOL_CONVERSION = YES;
				CLANG_WARN_COMMA = YES;
				CLANG_WARN_CONSTANT_CONVERSION = YES;
				CLANG_WARN_DEPRECATED_OBJC_IMPLEMENTATIONS = YES;
				CLANG_WARN_DIRECT_OBJC_ISA_USAGE = YES_ERROR;
				CLANG_WARN_DOCUMENTATION_COMMENTS = YES;
				CLANG_WARN_EMPTY_BODY = YES;
				CLANG_WARN_ENUM_CONVERSION = YES;
				CLANG_WARN_INFINITE_RECURSION = YES;
				CLANG_WARN_INT_CONVERSION = YES;
				CLANG_WARN_NON_LITERAL_NULL_CONVERSION = YES;
				CLANG_WARN_OBJC_IMPLICIT_RETAIN_SELF = YES;
				CLANG_WARN_OBJC_LITERAL_CONVERSION = YES;
				CLANG_WARN_OBJC_ROOT_CLASS = YES_ERROR;
				CLANG_WARN_QUOTED_INCLUDE_IN_FRAMEWORK_HEADER = YES;
				CLANG_WARN_RANGE_LOOP_ANALYSIS = YES;
				CLANG_WARN_STRICT_PROTOTYPES = YES;
				CLANG_WARN_SUSPICIOUS_MOVE = YES;
				CLANG_WARN_UNGUARDED_AVAILABILITY = YES_AGGRESSIVE;
				CLANG_WARN_UNREACHABLE_CODE = YES;
				CLANG_WARN__DUPLICATE_METHOD_MATCH = YES;
				COPY_PHASE_STRIP = NO;
				DEBUG_INFORMATION_FORMAT = dwarf;
				ENABLE_STRICT_OBJC_MSGSEND = YES;
				ENABLE_TESTABILITY = YES;
				GCC_C_LANGUAGE_STANDARD = gnu11;
				GCC_DYNAMIC_NO_PIC = NO;
				GCC_NO_COMMON_BLOCKS = YES;
				GCC_OPTIMIZATION_LEVEL = 0;
				GCC_PREPROCESSOR_DEFINITIONS = (
					"DEBUG=1",
					"$(inherited)",
				);
				GCC_WARN_64_TO_32_BIT_CONVERSION = YES;
				GCC_WARN_ABOUT_RETURN_TYPE = YES_ERROR;
				GCC_WARN_UNDECLARED_SELECTOR = YES;
				GCC_WARN_UNINITIALIZED_AUTOS = YES_AGGRESSIVE;
				GCC_WARN_UNUSED_FUNCTION = YES;
				GCC_WARN_UNUSED_VARIABLE = YES;
				MACOSX_DEPLOYMENT_TARGET = 13.2;
				MTL_ENABLE_DEBUG_INFO = INCLUDE_SOURCE;
				MTL_FAST_MATH = YES;
				ONLY_ACTIVE_ARCH = YES;
				SDKROOT = macosx;
				SWIFT_ACTIVE_COMPILATION_CONDITIONS = DEBUG;
				SWIFT_OPTIMIZATION_LEVEL = "-Onone";
			};
			name = Debug;
		};
		B45503452A123115000B1AA5 /* Release */ = {
			isa = XCBuildConfiguration;
			buildSettings = {
				ALWAYS_SEARCH_USER_PATHS = NO;
				CLANG_ANALYZER_NONNULL = YES;
				CLANG_ANALYZER_NUMBER_OBJECT_CONVERSION = YES_AGGRESSIVE;
				CLANG_CXX_LANGUAGE_STANDARD = "gnu++20";
				CLANG_ENABLE_MODULES = YES;
				CLANG_ENABLE_OBJC_ARC = YES;
				CLANG_ENABLE_OBJC_WEAK = YES;
				CLANG_WARN_BLOCK_CAPTURE_AUTORELEASING = YES;
				CLANG_WARN_BOOL_CONVERSION = YES;
				CLANG_WARN_COMMA = YES;
				CLANG_WARN_CONSTANT_CONVERSION = YES;
				CLANG_WARN_DEPRECATED_OBJC_IMPLEMENTATIONS = YES;
				CLANG_WARN_DIRECT_OBJC_ISA_USAGE = YES_ERROR;
				CLANG_WARN_DOCUMENTATION_COMMENTS = YES;
				CLANG_WARN_EMPTY_BODY = YES;
				CLANG_WARN_ENUM_CONVERSION = YES;
				CLANG_WARN_INFINITE_RECURSION = YES;
				CLANG_WARN_INT_CONVERSION = YES;
				CLANG_WARN_NON_LITERAL_NULL_CONVERSION = YES;
				CLANG_WARN_OBJC_IMPLICIT_RETAIN_SELF = YES;
				CLANG_WARN_OBJC_LITERAL_CONVERSION = YES;
				CLANG_WARN_OBJC_ROOT_CLASS = YES_ERROR;
				CLANG_WARN_QUOTED_INCLUDE_IN_FRAMEWORK_HEADER = YES;
				CLANG_WARN_RANGE_LOOP_ANALYSIS = YES;
				CLANG_WARN_STRICT_PROTOTYPES = YES;
				CLANG_WARN_SUSPICIOUS_MOVE = YES;
				CLANG_WARN_UNGUARDED_AVAILABILITY = YES_AGGRESSIVE;
				CLANG_WARN_UNREACHABLE_CODE = YES;
				CLANG_WARN__DUPLICATE_METHOD_MATCH = YES;
				COPY_PHASE_STRIP = NO;
				DEBUG_INFORMATION_FORMAT = "dwarf-with-dsym";
				ENABLE_NS_ASSERTIONS = NO;
				ENABLE_STRICT_OBJC_MSGSEND = YES;
				GCC_C_LANGUAGE_STANDARD = gnu11;
				GCC_NO_COMMON_BLOCKS = YES;
				GCC_WARN_64_TO_32_BIT_CONVERSION = YES;
				GCC_WARN_ABOUT_RETURN_TYPE = YES_ERROR;
				GCC_WARN_UNDECLARED_SELECTOR = YES;
				GCC_WARN_UNINITIALIZED_AUTOS = YES_AGGRESSIVE;
				GCC_WARN_UNUSED_FUNCTION = YES;
				GCC_WARN_UNUSED_VARIABLE = YES;
				MACOSX_DEPLOYMENT_TARGET = 13.2;
				MTL_ENABLE_DEBUG_INFO = NO;
				MTL_FAST_MATH = YES;
				SDKROOT = macosx;
				SWIFT_COMPILATION_MODE = wholemodule;
				SWIFT_OPTIMIZATION_LEVEL = "-O";
			};
			name = Release;
		};
		B45503472A123115000B1AA5 /* Debug */ = {
			isa = XCBuildConfiguration;
			buildSettings = {
				CODE_SIGN_STYLE = Automatic;
				DEVELOPMENT_TEAM = TZ3VZ8CUCV;
				ENABLE_HARDENED_RUNTIME = YES;
				PRODUCT_NAME = "$(TARGET_NAME)";
				SWIFT_VERSION = 5.0;
			};
			name = Debug;
		};
		B45503482A123115000B1AA5 /* Release */ = {
			isa = XCBuildConfiguration;
			buildSettings = {
				CODE_SIGN_STYLE = Automatic;
				DEVELOPMENT_TEAM = TZ3VZ8CUCV;
				ENABLE_HARDENED_RUNTIME = YES;
				PRODUCT_NAME = "$(TARGET_NAME)";
				SWIFT_VERSION = 5.0;
			};
			name = Release;
		};
/* End XCBuildConfiguration section */

/* Begin XCConfigurationList section */
		B455033A2A123115000B1AA5 /* Build configuration list for PBXProject "코딩테스트" */ = {
			isa = XCConfigurationList;
			buildConfigurations = (
				B45503442A123115000B1AA5 /* Debug */,
				B45503452A123115000B1AA5 /* Release */,
			);
			defaultConfigurationIsVisible = 0;
			defaultConfigurationName = Release;
		};
		B45503462A123115000B1AA5 /* Build configuration list for PBXNativeTarget "코딩테스트" */ = {
			isa = XCConfigurationList;
			buildConfigurations = (
				B45503472A123115000B1AA5 /* Debug */,
				B45503482A123115000B1AA5 /* Release */,
			);
			defaultConfigurationIsVisible = 0;
			defaultConfigurationName = Release;
		};
/* End XCConfigurationList section */
	};
	rootObject = B45503372A123115000B1AA5 /* Project object */;
}
